// !$*UTF8*$!
{
	archiveVersion = 1;
	classes = {
	};
	objectVersion = 50;
	objects = {

/* Begin PBXBuildFile section */
		C922402A2670912E0051C414 /* JokeType.swift in Sources */ = {isa = PBXBuildFile; fileRef = C92240292670912E0051C414 /* JokeType.swift */; };
		C938605125BE00CD00C9BB0D /* TestJokeResponse in Resources */ = {isa = PBXBuildFile; fileRef = C938605025BE00CC00C9BB0D /* TestJokeResponse */; };
		C938606125C5347300C9BB0D /* JokeViewModel.swift in Sources */ = {isa = PBXBuildFile; fileRef = C938606025C5347300C9BB0D /* JokeViewModel.swift */; };
		C93AB196266F30F4003C5B3D /* ContentView.swift in Sources */ = {isa = PBXBuildFile; fileRef = C9EA7FB625A9A29100DF075F /* ContentView.swift */; };
		C93D159026844A2E00A8A351 /* PunchlineText.swift in Sources */ = {isa = PBXBuildFile; fileRef = C93D158F26844A2E00A8A351 /* PunchlineText.swift */; };
		C93D159426844B0C00A8A351 /* SetupText.swift in Sources */ = {isa = PBXBuildFile; fileRef = C93D159326844B0C00A8A351 /* SetupText.swift */; };
		C93E249B25BA5BCE00DB7989 /* JokeError.swift in Sources */ = {isa = PBXBuildFile; fileRef = C93E249A25BA5BCE00DB7989 /* JokeError.swift */; };
		C93E24AD25BAB0E800DB7989 /* JokeResponse.swift in Sources */ = {isa = PBXBuildFile; fileRef = C93E24AC25BAB0E800DB7989 /* JokeResponse.swift */; };
		C952CDAF25BD6991008F33B2 /* NetworkManagerTests.swift in Sources */ = {isa = PBXBuildFile; fileRef = C952CDAE25BD6991008F33B2 /* NetworkManagerTests.swift */; };
		C952CDBD25BD6CE8008F33B2 /* JokeError.swift in Sources */ = {isa = PBXBuildFile; fileRef = C93E249A25BA5BCE00DB7989 /* JokeError.swift */; };
		C952CDC125BD6D56008F33B2 /* JokeResponse.swift in Sources */ = {isa = PBXBuildFile; fileRef = C93E24AC25BAB0E800DB7989 /* JokeResponse.swift */; };
		C952CDC425BD6D56008F33B2 /* JokeAPI.swift in Sources */ = {isa = PBXBuildFile; fileRef = C97AED1D25BCE25E006902E7 /* JokeAPI.swift */; };
		C952CDC525BD6D56008F33B2 /* JokeService.swift in Sources */ = {isa = PBXBuildFile; fileRef = C97AED2025BD5C47006902E7 /* JokeService.swift */; };
		C952CDC625BD6D56008F33B2 /* Label.swift in Sources */ = {isa = PBXBuildFile; fileRef = C9BF164C25AA9FE800635463 /* Label.swift */; };
		C95CD88A266F383C002CBBF6 /* JokePickerView.swift in Sources */ = {isa = PBXBuildFile; fileRef = C95CD889266F383C002CBBF6 /* JokePickerView.swift */; };
		C97AED1E25BCE25E006902E7 /* JokeAPI.swift in Sources */ = {isa = PBXBuildFile; fileRef = C97AED1D25BCE25E006902E7 /* JokeAPI.swift */; };
		C97AED2125BD5C47006902E7 /* JokeService.swift in Sources */ = {isa = PBXBuildFile; fileRef = C97AED2025BD5C47006902E7 /* JokeService.swift */; };
		C9BF164D25AA9FE800635463 /* Label.swift in Sources */ = {isa = PBXBuildFile; fileRef = C9BF164C25AA9FE800635463 /* Label.swift */; };
		C9EA7FB525A9A29100DF075F /* SwiftJokeApp.swift in Sources */ = {isa = PBXBuildFile; fileRef = C9EA7FB425A9A29100DF075F /* SwiftJokeApp.swift */; };
		C9EA7FB725A9A29100DF075F /* ContentView.swift in Sources */ = {isa = PBXBuildFile; fileRef = C9EA7FB625A9A29100DF075F /* ContentView.swift */; };
		C9EA7FB925A9A29200DF075F /* Assets.xcassets in Resources */ = {isa = PBXBuildFile; fileRef = C9EA7FB825A9A29200DF075F /* Assets.xcassets */; };
		C9EA7FBC25A9A29200DF075F /* Preview Assets.xcassets in Resources */ = {isa = PBXBuildFile; fileRef = C9EA7FBB25A9A29200DF075F /* Preview Assets.xcassets */; };
		C9FDD680267D477200BBD80C /* JokeAndPunchLineView.swift in Sources */ = {isa = PBXBuildFile; fileRef = C9FDD67F267D477200BBD80C /* JokeAndPunchLineView.swift */; };
/* End PBXBuildFile section */

/* Begin PBXContainerItemProxy section */
		C952CDB125BD6991008F33B2 /* PBXContainerItemProxy */ = {
			isa = PBXContainerItemProxy;
			containerPortal = C9EA7FA925A9A29100DF075F /* Project object */;
			proxyType = 1;
			remoteGlobalIDString = C9EA7FB025A9A29100DF075F;
			remoteInfo = SwiftJoke;
		};
/* End PBXContainerItemProxy section */

/* Begin PBXFileReference section */
		C92240292670912E0051C414 /* JokeType.swift */ = {isa = PBXFileReference; lastKnownFileType = sourcecode.swift; path = JokeType.swift; sourceTree = "<group>"; };
		C938605025BE00CC00C9BB0D /* TestJokeResponse */ = {isa = PBXFileReference; fileEncoding = 4; lastKnownFileType = text; path = TestJokeResponse; sourceTree = "<group>"; };
		C938606025C5347300C9BB0D /* JokeViewModel.swift */ = {isa = PBXFileReference; lastKnownFileType = sourcecode.swift; path = JokeViewModel.swift; sourceTree = "<group>"; };
		C93D158F26844A2E00A8A351 /* PunchlineText.swift */ = {isa = PBXFileReference; lastKnownFileType = sourcecode.swift; path = PunchlineText.swift; sourceTree = "<group>"; };
		C93D159326844B0C00A8A351 /* SetupText.swift */ = {isa = PBXFileReference; lastKnownFileType = sourcecode.swift; path = SetupText.swift; sourceTree = "<group>"; };
		C93E249A25BA5BCE00DB7989 /* JokeError.swift */ = {isa = PBXFileReference; lastKnownFileType = sourcecode.swift; path = JokeError.swift; sourceTree = "<group>"; };
		C93E24AC25BAB0E800DB7989 /* JokeResponse.swift */ = {isa = PBXFileReference; lastKnownFileType = sourcecode.swift; path = JokeResponse.swift; sourceTree = "<group>"; };
		C952CDAC25BD6991008F33B2 /* SwiftJokeTests.xctest */ = {isa = PBXFileReference; explicitFileType = wrapper.cfbundle; includeInIndex = 0; path = SwiftJokeTests.xctest; sourceTree = BUILT_PRODUCTS_DIR; };
		C952CDAE25BD6991008F33B2 /* NetworkManagerTests.swift */ = {isa = PBXFileReference; lastKnownFileType = sourcecode.swift; path = NetworkManagerTests.swift; sourceTree = "<group>"; };
		C952CDB025BD6991008F33B2 /* Info.plist */ = {isa = PBXFileReference; lastKnownFileType = text.plist.xml; path = Info.plist; sourceTree = "<group>"; };
		C95CD889266F383C002CBBF6 /* JokePickerView.swift */ = {isa = PBXFileReference; lastKnownFileType = sourcecode.swift; path = JokePickerView.swift; sourceTree = "<group>"; };
		C97AED1D25BCE25E006902E7 /* JokeAPI.swift */ = {isa = PBXFileReference; lastKnownFileType = sourcecode.swift; path = JokeAPI.swift; sourceTree = "<group>"; };
		C97AED2025BD5C47006902E7 /* JokeService.swift */ = {isa = PBXFileReference; lastKnownFileType = sourcecode.swift; path = JokeService.swift; sourceTree = "<group>"; };
		C9BF164C25AA9FE800635463 /* Label.swift */ = {isa = PBXFileReference; lastKnownFileType = sourcecode.swift; path = Label.swift; sourceTree = "<group>"; };
		C9EA7FB125A9A29100DF075F /* SwiftJoke.app */ = {isa = PBXFileReference; explicitFileType = wrapper.application; includeInIndex = 0; path = SwiftJoke.app; sourceTree = BUILT_PRODUCTS_DIR; };
		C9EA7FB425A9A29100DF075F /* SwiftJokeApp.swift */ = {isa = PBXFileReference; lastKnownFileType = sourcecode.swift; path = SwiftJokeApp.swift; sourceTree = "<group>"; };
		C9EA7FB625A9A29100DF075F /* ContentView.swift */ = {isa = PBXFileReference; lastKnownFileType = sourcecode.swift; path = ContentView.swift; sourceTree = "<group>"; };
		C9EA7FB825A9A29200DF075F /* Assets.xcassets */ = {isa = PBXFileReference; lastKnownFileType = folder.assetcatalog; path = Assets.xcassets; sourceTree = "<group>"; };
		C9EA7FBB25A9A29200DF075F /* Preview Assets.xcassets */ = {isa = PBXFileReference; lastKnownFileType = folder.assetcatalog; path = "Preview Assets.xcassets"; sourceTree = "<group>"; };
		C9EA7FBD25A9A29200DF075F /* Info.plist */ = {isa = PBXFileReference; lastKnownFileType = text.plist.xml; path = Info.plist; sourceTree = "<group>"; };
		C9FDD67F267D477200BBD80C /* JokeAndPunchLineView.swift */ = {isa = PBXFileReference; lastKnownFileType = sourcecode.swift; path = JokeAndPunchLineView.swift; sourceTree = "<group>"; };
/* End PBXFileReference section */

/* Begin PBXFrameworksBuildPhase section */
		C952CDA925BD6991008F33B2 /* Frameworks */ = {
			isa = PBXFrameworksBuildPhase;
			buildActionMask = 2147483647;
			files = (
			);
			runOnlyForDeploymentPostprocessing = 0;
		};
		C9EA7FAE25A9A29100DF075F /* Frameworks */ = {
			isa = PBXFrameworksBuildPhase;
			buildActionMask = 2147483647;
			files = (
			);
			runOnlyForDeploymentPostprocessing = 0;
		};
/* End PBXFrameworksBuildPhase section */

/* Begin PBXGroup section */
		C938604F25BE00CC00C9BB0D /* TestJSON */ = {
			isa = PBXGroup;
			children = (
				C938605025BE00CC00C9BB0D /* TestJokeResponse */,
			);
			path = TestJSON;
			sourceTree = "<group>";
		};
		C93D159726844D9E00A8A351 /* Text */ = {
			isa = PBXGroup;
			children = (
				C9BF164C25AA9FE800635463 /* Label.swift */,
				C93D158F26844A2E00A8A351 /* PunchlineText.swift */,
				C93D159326844B0C00A8A351 /* SetupText.swift */,
			);
			path = Text;
			sourceTree = "<group>";
		};
		C93E249D25BA601D00DB7989 /* Network */ = {
			isa = PBXGroup;
			children = (
				C97AED1D25BCE25E006902E7 /* JokeAPI.swift */,
				C97AED2025BD5C47006902E7 /* JokeService.swift */,
			);
			path = Network;
			sourceTree = "<group>";
		};
		C93E249F25BA602700DB7989 /* Lib */ = {
			isa = PBXGroup;
			children = (
				C93E249A25BA5BCE00DB7989 /* JokeError.swift */,
			);
			path = Lib;
			sourceTree = "<group>";
		};
		C93E24A525BAA30E00DB7989 /* Model */ = {
			isa = PBXGroup;
			children = (
				C93E24AC25BAB0E800DB7989 /* JokeResponse.swift */,
				C92240292670912E0051C414 /* JokeType.swift */,
			);
			path = Model;
			sourceTree = "<group>";
		};
		C952CDAD25BD6991008F33B2 /* SwiftJokeTests */ = {
			isa = PBXGroup;
			children = (
				C952CDAE25BD6991008F33B2 /* NetworkManagerTests.swift */,
				C938604F25BE00CC00C9BB0D /* TestJSON */,
				C952CDB025BD6991008F33B2 /* Info.plist */,
			);
			path = SwiftJokeTests;
			sourceTree = "<group>";
		};
		C98D527625CA6E1900215F74 /* ViewModel */ = {
			isa = PBXGroup;
			children = (
				C938606025C5347300C9BB0D /* JokeViewModel.swift */,
			);
			path = ViewModel;
			sourceTree = "<group>";
		};
		C9BF164B25AA9FC100635463 /* Views */ = {
			isa = PBXGroup;
			children = (
				C93D159726844D9E00A8A351 /* Text */,
				C9EA7FB625A9A29100DF075F /* ContentView.swift */,
				C95CD889266F383C002CBBF6 /* JokePickerView.swift */,
				C9FDD67F267D477200BBD80C /* JokeAndPunchLineView.swift */,
			);
			path = Views;
			sourceTree = "<group>";
		};
		C9EA7FA825A9A29100DF075F = {
			isa = PBXGroup;
			children = (
				C9EA7FB325A9A29100DF075F /* SwiftJoke */,
				C952CDAD25BD6991008F33B2 /* SwiftJokeTests */,
				C9EA7FB225A9A29100DF075F /* Products */,
			);
			sourceTree = "<group>";
		};
		C9EA7FB225A9A29100DF075F /* Products */ = {
			isa = PBXGroup;
			children = (
				C9EA7FB125A9A29100DF075F /* SwiftJoke.app */,
				C952CDAC25BD6991008F33B2 /* SwiftJokeTests.xctest */,
			);
			name = Products;
			sourceTree = "<group>";
		};
		C9EA7FB325A9A29100DF075F /* SwiftJoke */ = {
			isa = PBXGroup;
			children = (
				C98D527625CA6E1900215F74 /* ViewModel */,
				C93E249F25BA602700DB7989 /* Lib */,
				C93E24A525BAA30E00DB7989 /* Model */,
				C93E249D25BA601D00DB7989 /* Network */,
				C9BF164B25AA9FC100635463 /* Views */,
				C9EA7FB425A9A29100DF075F /* SwiftJokeApp.swift */,
				C9EA7FB825A9A29200DF075F /* Assets.xcassets */,
				C9EA7FBD25A9A29200DF075F /* Info.plist */,
				C9EA7FBA25A9A29200DF075F /* Preview Content */,
			);
			path = SwiftJoke;
			sourceTree = "<group>";
		};
		C9EA7FBA25A9A29200DF075F /* Preview Content */ = {
			isa = PBXGroup;
			children = (
				C9EA7FBB25A9A29200DF075F /* Preview Assets.xcassets */,
			);
			path = "Preview Content";
			sourceTree = "<group>";
		};
/* End PBXGroup section */

/* Begin PBXNativeTarget section */
		C952CDAB25BD6991008F33B2 /* SwiftJokeTests */ = {
			isa = PBXNativeTarget;
			buildConfigurationList = C952CDB525BD6991008F33B2 /* Build configuration list for PBXNativeTarget "SwiftJokeTests" */;
			buildPhases = (
				C952CDA825BD6991008F33B2 /* Sources */,
				C952CDA925BD6991008F33B2 /* Frameworks */,
				C952CDAA25BD6991008F33B2 /* Resources */,
			);
			buildRules = (
			);
			dependencies = (
				C952CDB225BD6991008F33B2 /* PBXTargetDependency */,
			);
			name = SwiftJokeTests;
			productName = SwiftJokeTests;
			productReference = C952CDAC25BD6991008F33B2 /* SwiftJokeTests.xctest */;
			productType = "com.apple.product-type.bundle.unit-test";
		};
		C9EA7FB025A9A29100DF075F /* SwiftJoke */ = {
			isa = PBXNativeTarget;
			buildConfigurationList = C9EA7FC025A9A29200DF075F /* Build configuration list for PBXNativeTarget "SwiftJoke" */;
			buildPhases = (
				C9EA7FAD25A9A29100DF075F /* Sources */,
				C9EA7FAE25A9A29100DF075F /* Frameworks */,
				C9EA7FAF25A9A29100DF075F /* Resources */,
			);
			buildRules = (
			);
			dependencies = (
			);
			name = SwiftJoke;
			productName = SwiftJoke;
			productReference = C9EA7FB125A9A29100DF075F /* SwiftJoke.app */;
			productType = "com.apple.product-type.application";
		};
/* End PBXNativeTarget section */

/* Begin PBXProject section */
		C9EA7FA925A9A29100DF075F /* Project object */ = {
			isa = PBXProject;
			attributes = {
				LastSwiftUpdateCheck = 1230;
				LastUpgradeCheck = 1230;
				TargetAttributes = {
					C952CDAB25BD6991008F33B2 = {
						CreatedOnToolsVersion = 12.3;
						TestTargetID = C9EA7FB025A9A29100DF075F;
					};
					C9EA7FB025A9A29100DF075F = {
						CreatedOnToolsVersion = 12.3;
					};
				};
			};
			buildConfigurationList = C9EA7FAC25A9A29100DF075F /* Build configuration list for PBXProject "SwiftJoke" */;
			compatibilityVersion = "Xcode 9.3";
			developmentRegion = en;
			hasScannedForEncodings = 0;
			knownRegions = (
				en,
				Base,
			);
			mainGroup = C9EA7FA825A9A29100DF075F;
			productRefGroup = C9EA7FB225A9A29100DF075F /* Products */;
			projectDirPath = "";
			projectRoot = "";
			targets = (
				C9EA7FB025A9A29100DF075F /* SwiftJoke */,
				C952CDAB25BD6991008F33B2 /* SwiftJokeTests */,
			);
		};
/* End PBXProject section */

/* Begin PBXResourcesBuildPhase section */
		C952CDAA25BD6991008F33B2 /* Resources */ = {
			isa = PBXResourcesBuildPhase;
			buildActionMask = 2147483647;
			files = (
				C938605125BE00CD00C9BB0D /* TestJokeResponse in Resources */,
			);
			runOnlyForDeploymentPostprocessing = 0;
		};
		C9EA7FAF25A9A29100DF075F /* Resources */ = {
			isa = PBXResourcesBuildPhase;
			buildActionMask = 2147483647;
			files = (
				C9EA7FBC25A9A29200DF075F /* Preview Assets.xcassets in Resources */,
				C9EA7FB925A9A29200DF075F /* Assets.xcassets in Resources */,
			);
			runOnlyForDeploymentPostprocessing = 0;
		};
/* End PBXResourcesBuildPhase section */

/* Begin PBXSourcesBuildPhase section */
		C952CDA825BD6991008F33B2 /* Sources */ = {
			isa = PBXSourcesBuildPhase;
			buildActionMask = 2147483647;
			files = (
				C952CDC125BD6D56008F33B2 /* JokeResponse.swift in Sources */,
				C952CDC425BD6D56008F33B2 /* JokeAPI.swift in Sources */,
				C93AB196266F30F4003C5B3D /* ContentView.swift in Sources */,
				C952CDC525BD6D56008F33B2 /* JokeService.swift in Sources */,
				C952CDC625BD6D56008F33B2 /* Label.swift in Sources */,
				C952CDBD25BD6CE8008F33B2 /* JokeError.swift in Sources */,
				C952CDAF25BD6991008F33B2 /* NetworkManagerTests.swift in Sources */,
			);
			runOnlyForDeploymentPostprocessing = 0;
		};
		C9EA7FAD25A9A29100DF075F /* Sources */ = {
			isa = PBXSourcesBuildPhase;
			buildActionMask = 2147483647;
			files = (
				C9EA7FB725A9A29100DF075F /* ContentView.swift in Sources */,
				C97AED1E25BCE25E006902E7 /* JokeAPI.swift in Sources */,
				C93D159426844B0C00A8A351 /* SetupText.swift in Sources */,
				C938606125C5347300C9BB0D /* JokeViewModel.swift in Sources */,
				C9FDD680267D477200BBD80C /* JokeAndPunchLineView.swift in Sources */,
				C922402A2670912E0051C414 /* JokeType.swift in Sources */,
				C9EA7FB525A9A29100DF075F /* SwiftJokeApp.swift in Sources */,
				C97AED2125BD5C47006902E7 /* JokeService.swift in Sources */,
				C93D159026844A2E00A8A351 /* PunchlineText.swift in Sources */,
				C95CD88A266F383C002CBBF6 /* JokePickerView.swift in Sources */,
				C93E249B25BA5BCE00DB7989 /* JokeError.swift in Sources */,
				C9BF164D25AA9FE800635463 /* Label.swift in Sources */,
				C93E24AD25BAB0E800DB7989 /* JokeResponse.swift in Sources */,
			);
			runOnlyForDeploymentPostprocessing = 0;
		};
/* End PBXSourcesBuildPhase section */

/* Begin PBXTargetDependency section */
		C952CDB225BD6991008F33B2 /* PBXTargetDependency */ = {
			isa = PBXTargetDependency;
			target = C9EA7FB025A9A29100DF075F /* SwiftJoke */;
			targetProxy = C952CDB125BD6991008F33B2 /* PBXContainerItemProxy */;
		};
/* End PBXTargetDependency section */

/* Begin XCBuildConfiguration section */
		C952CDB325BD6991008F33B2 /* Debug */ = {
			isa = XCBuildConfiguration;
			buildSettings = {
				BUNDLE_LOADER = "$(TEST_HOST)";
				CODE_SIGN_STYLE = Automatic;
				DEVELOPMENT_TEAM = HBV336R3WK;
				INFOPLIST_FILE = SwiftJokeTests/Info.plist;
				LD_RUNPATH_SEARCH_PATHS = (
					"$(inherited)",
					"@executable_path/Frameworks",
					"@loader_path/Frameworks",
				);
				PRODUCT_BUNDLE_IDENTIFIER = com.mattstats.SwiftJokeTests;
				PRODUCT_NAME = "$(TARGET_NAME)";
				SWIFT_VERSION = 5.0;
				TARGETED_DEVICE_FAMILY = "1,2";
				TEST_HOST = "$(BUILT_PRODUCTS_DIR)/SwiftJoke.app/SwiftJoke";
			};
			name = Debug;
		};
		C952CDB425BD6991008F33B2 /* Release */ = {
			isa = XCBuildConfiguration;
			buildSettings = {
				BUNDLE_LOADER = "$(TEST_HOST)";
				CODE_SIGN_STYLE = Automatic;
				DEVELOPMENT_TEAM = HBV336R3WK;
				INFOPLIST_FILE = SwiftJokeTests/Info.plist;
				LD_RUNPATH_SEARCH_PATHS = (
					"$(inherited)",
					"@executable_path/Frameworks",
					"@loader_path/Frameworks",
				);
				PRODUCT_BUNDLE_IDENTIFIER = com.mattstats.SwiftJokeTests;
				PRODUCT_NAME = "$(TARGET_NAME)";
				SWIFT_VERSION = 5.0;
				TARGETED_DEVICE_FAMILY = "1,2";
				TEST_HOST = "$(BUILT_PRODUCTS_DIR)/SwiftJoke.app/SwiftJoke";
			};
			name = Release;
		};
		C9EA7FBE25A9A29200DF075F /* Debug */ = {
			isa = XCBuildConfiguration;
			buildSettings = {
				ALWAYS_SEARCH_USER_PATHS = NO;
				CLANG_ANALYZER_NONNULL = YES;
				CLANG_ANALYZER_NUMBER_OBJECT_CONVERSION = YES_AGGRESSIVE;
				CLANG_CXX_LANGUAGE_STANDARD = "gnu++14";
				CLANG_CXX_LIBRARY = "libc++";
				CLANG_ENABLE_MODULES = YES;
				CLANG_ENABLE_OBJC_ARC = YES;
				CLANG_ENABLE_OBJC_WEAK = YES;
				CLANG_WARN_BLOCK_CAPTURE_AUTORELEASING = YES;
				CLANG_WARN_BOOL_CONVERSION = YES;
				CLANG_WARN_COMMA = YES;
				CLANG_WARN_CONSTANT_CONVERSION = YES;
				CLANG_WARN_DEPRECATED_OBJC_IMPLEMENTATIONS = YES;
				CLANG_WARN_DIRECT_OBJC_ISA_USAGE = YES_ERROR;
				CLANG_WARN_DOCUMENTATION_COMMENTS = YES;
				CLANG_WARN_EMPTY_BODY = YES;
				CLANG_WARN_ENUM_CONVERSION = YES;
				CLANG_WARN_INFINITE_RECURSION = YES;
				CLANG_WARN_INT_CONVERSION = YES;
				CLANG_WARN_NON_LITERAL_NULL_CONVERSION = YES;
				CLANG_WARN_OBJC_IMPLICIT_RETAIN_SELF = YES;
				CLANG_WARN_OBJC_LITERAL_CONVERSION = YES;
				CLANG_WARN_OBJC_ROOT_CLASS = YES_ERROR;
				CLANG_WARN_QUOTED_INCLUDE_IN_FRAMEWORK_HEADER = YES;
				CLANG_WARN_RANGE_LOOP_ANALYSIS = YES;
				CLANG_WARN_STRICT_PROTOTYPES = YES;
				CLANG_WARN_SUSPICIOUS_MOVE = YES;
				CLANG_WARN_UNGUARDED_AVAILABILITY = YES_AGGRESSIVE;
				CLANG_WARN_UNREACHABLE_CODE = YES;
				CLANG_WARN__DUPLICATE_METHOD_MATCH = YES;
				COPY_PHASE_STRIP = NO;
				DEBUG_INFORMATION_FORMAT = dwarf;
				ENABLE_STRICT_OBJC_MSGSEND = YES;
				ENABLE_TESTABILITY = YES;
				GCC_C_LANGUAGE_STANDARD = gnu11;
				GCC_DYNAMIC_NO_PIC = NO;
				GCC_NO_COMMON_BLOCKS = YES;
				GCC_OPTIMIZATION_LEVEL = 0;
				GCC_PREPROCESSOR_DEFINITIONS = (
					"DEBUG=1",
					"$(inherited)",
				);
				GCC_WARN_64_TO_32_BIT_CONVERSION = YES;
				GCC_WARN_ABOUT_RETURN_TYPE = YES_ERROR;
				GCC_WARN_UNDECLARED_SELECTOR = YES;
				GCC_WARN_UNINITIALIZED_AUTOS = YES_AGGRESSIVE;
				GCC_WARN_UNUSED_FUNCTION = YES;
				GCC_WARN_UNUSED_VARIABLE = YES;
				IPHONEOS_DEPLOYMENT_TARGET = 14.3;
				MTL_ENABLE_DEBUG_INFO = INCLUDE_SOURCE;
				MTL_FAST_MATH = YES;
				ONLY_ACTIVE_ARCH = YES;
				SDKROOT = iphoneos;
				SWIFT_ACTIVE_COMPILATION_CONDITIONS = DEBUG;
				SWIFT_OPTIMIZATION_LEVEL = "-Onone";
			};
			name = Debug;
		};
		C9EA7FBF25A9A29200DF075F /* Release */ = {
			isa = XCBuildConfiguration;
			buildSettings = {
				ALWAYS_SEARCH_USER_PATHS = NO;
				CLANG_ANALYZER_NONNULL = YES;
				CLANG_ANALYZER_NUMBER_OBJECT_CONVERSION = YES_AGGRESSIVE;
				CLANG_CXX_LANGUAGE_STANDARD = "gnu++14";
				CLANG_CXX_LIBRARY = "libc++";
				CLANG_ENABLE_MODULES = YES;
				CLANG_ENABLE_OBJC_ARC = YES;
				CLANG_ENABLE_OBJC_WEAK = YES;
				CLANG_WARN_BLOCK_CAPTURE_AUTORELEASING = YES;
				CLANG_WARN_BOOL_CONVERSION = YES;
				CLANG_WARN_COMMA = YES;
				CLANG_WARN_CONSTANT_CONVERSION = YES;
				CLANG_WARN_DEPRECATED_OBJC_IMPLEMENTATIONS = YES;
				CLANG_WARN_DIRECT_OBJC_ISA_USAGE = YES_ERROR;
				CLANG_WARN_DOCUMENTATION_COMMENTS = YES;
				CLANG_WARN_EMPTY_BODY = YES;
				CLANG_WARN_ENUM_CONVERSION = YES;
				CLANG_WARN_INFINITE_RECURSION = YES;
				CLANG_WARN_INT_CONVERSION = YES;
				CLANG_WARN_NON_LITERAL_NULL_CONVERSION = YES;
				CLANG_WARN_OBJC_IMPLICIT_RETAIN_SELF = YES;
				CLANG_WARN_OBJC_LITERAL_CONVERSION = YES;
				CLANG_WARN_OBJC_ROOT_CLASS = YES_ERROR;
				CLANG_WARN_QUOTED_INCLUDE_IN_FRAMEWORK_HEADER = YES;
				CLANG_WARN_RANGE_LOOP_ANALYSIS = YES;
				CLANG_WARN_STRICT_PROTOTYPES = YES;
				CLANG_WARN_SUSPICIOUS_MOVE = YES;
				CLANG_WARN_UNGUARDED_AVAILABILITY = YES_AGGRESSIVE;
				CLANG_WARN_UNREACHABLE_CODE = YES;
				CLANG_WARN__DUPLICATE_METHOD_MATCH = YES;
				COPY_PHASE_STRIP = NO;
				DEBUG_INFORMATION_FORMAT = "dwarf-with-dsym";
				ENABLE_NS_ASSERTIONS = NO;
				ENABLE_STRICT_OBJC_MSGSEND = YES;
				GCC_C_LANGUAGE_STANDARD = gnu11;
				GCC_NO_COMMON_BLOCKS = YES;
				GCC_WARN_64_TO_32_BIT_CONVERSION = YES;
				GCC_WARN_ABOUT_RETURN_TYPE = YES_ERROR;
				GCC_WARN_UNDECLARED_SELECTOR = YES;
				GCC_WARN_UNINITIALIZED_AUTOS = YES_AGGRESSIVE;
				GCC_WARN_UNUSED_FUNCTION = YES;
				GCC_WARN_UNUSED_VARIABLE = YES;
				IPHONEOS_DEPLOYMENT_TARGET = 14.3;
				MTL_ENABLE_DEBUG_INFO = NO;
				MTL_FAST_MATH = YES;
				SDKROOT = iphoneos;
				SWIFT_COMPILATION_MODE = wholemodule;
				SWIFT_OPTIMIZATION_LEVEL = "-O";
				VALIDATE_PRODUCT = YES;
			};
			name = Release;
		};
		C9EA7FC125A9A29200DF075F /* Debug */ = {
			isa = XCBuildConfiguration;
			buildSettings = {
				ASSETCATALOG_COMPILER_APPICON_NAME = AppIcon;
				ASSETCATALOG_COMPILER_GLOBAL_ACCENT_COLOR_NAME = AccentColor;
				CODE_SIGN_STYLE = Automatic;
				DEVELOPMENT_ASSET_PATHS = "\"SwiftJoke/Preview Content\"";
				DEVELOPMENT_TEAM = HBV336R3WK;
				ENABLE_PREVIEWS = YES;
				INFOPLIST_FILE = SwiftJoke/Info.plist;
				IPHONEOS_DEPLOYMENT_TARGET = 14.0;
				LD_RUNPATH_SEARCH_PATHS = (
					"$(inherited)",
					"@executable_path/Frameworks",
				);
				PRODUCT_BUNDLE_IDENTIFIER = com.mattstats.SwiftJoke;
				PRODUCT_NAME = "$(TARGET_NAME)";
				SWIFT_VERSION = 5.0;
				TARGETED_DEVICE_FAMILY = "1,2";
			};
			name = Debug;
		};
		C9EA7FC225A9A29200DF075F /* Release */ = {
			isa = XCBuildConfiguration;
			buildSettings = {
				ASSETCATALOG_COMPILER_APPICON_NAME = AppIcon;
				ASSETCATALOG_COMPILER_GLOBAL_ACCENT_COLOR_NAME = AccentColor;
				CODE_SIGN_STYLE = Automatic;
				DEVELOPMENT_ASSET_PATHS = "\"SwiftJoke/Preview Content\"";
				DEVELOPMENT_TEAM = HBV336R3WK;
				ENABLE_PREVIEWS = YES;
				INFOPLIST_FILE = SwiftJoke/Info.plist;
				IPHONEOS_DEPLOYMENT_TARGET = 14.0;
				LD_RUNPATH_SEARCH_PATHS = (
					"$(inherited)",
					"@executable_path/Frameworks",
				);
				PRODUCT_BUNDLE_IDENTIFIER = com.mattstats.SwiftJoke;
				PRODUCT_NAME = "$(TARGET_NAME)";
				SWIFT_VERSION = 5.0;
				TARGETED_DEVICE_FAMILY = "1,2";
			};
			name = Release;
		};
/* End XCBuildConfiguration section */

/* Begin XCConfigurationList section */
		C952CDB525BD6991008F33B2 /* Build configuration list for PBXNativeTarget "SwiftJokeTests" */ = {
			isa = XCConfigurationList;
			buildConfigurations = (
				C952CDB325BD6991008F33B2 /* Debug */,
				C952CDB425BD6991008F33B2 /* Release */,
			);
			defaultConfigurationIsVisible = 0;
			defaultConfigurationName = Release;
		};
		C9EA7FAC25A9A29100DF075F /* Build configuration list for PBXProject "SwiftJoke" */ = {
			isa = XCConfigurationList;
			buildConfigurations = (
				C9EA7FBE25A9A29200DF075F /* Debug */,
				C9EA7FBF25A9A29200DF075F /* Release */,
			);
			defaultConfigurationIsVisible = 0;
			defaultConfigurationName = Release;
		};
		C9EA7FC025A9A29200DF075F /* Build configuration list for PBXNativeTarget "SwiftJoke" */ = {
			isa = XCConfigurationList;
			buildConfigurations = (
				C9EA7FC125A9A29200DF075F /* Debug */,
				C9EA7FC225A9A29200DF075F /* Release */,
			);
			defaultConfigurationIsVisible = 0;
			defaultConfigurationName = Release;
		};
/* End XCConfigurationList section */
	};
	rootObject = C9EA7FA925A9A29100DF075F /* Project object */;
}
